
Microsoft Visual Studio Solution File, Format Version 12.00
# Visual Studio Version 17
VisualStudioVersion = 17.11.35219.272
MinimumVisualStudioVersion = 10.0.40219.1
Project("{FAE04EC0-301F-11D3-BF4B-00C04F79EFBC}") = "RateTheKFC", "RateTheKFC\RateTheKFC.csproj", "{A611E98A-3FC7-4712-A679-2B22AC039567}"
EndProject
Global
	GlobalSection(SolutionConfigurationPlatforms) = preSolution
		Debug|Any CPU = Debug|Any CPU
		Release|Any CPU = Release|Any CPU
	EndGlobalSection
	GlobalSection(ProjectConfigurationPlatforms) = postSolution
		{A611E98A-3FC7-4712-A679-2B22AC039567}.Debug|Any CPU.ActiveCfg = Debug|Any CPU
		{A611E98A-3FC7-4712-A679-2B22AC039567}.Debug|Any CPU.Build.0 = Debug|Any CPU
		{A611E98A-3FC7-4712-A679-2B22AC039567}.Release|Any CPU.ActiveCfg = Release|Any CPU
		{A611E98A-3FC7-4712-A679-2B22AC039567}.Release|Any CPU.Build.0 = Release|Any CPU
	EndGlobalSection
	GlobalSection(SolutionProperties) = preSolution
		HideSolutionNode = FALSE
	EndGlobalSection
	GlobalSection(ExtensibilityGlobals) = postSolution
		SolutionGuid = {0BD9AD04-0D2E-424A-B71A-8F3E92331998}
	EndGlobalSection
EndGlobal
